
Microsoft Visual Studio Solution File, Format Version 12.00
# Visual Studio Version 16
VisualStudioVersion = 16.0.30204.135
MinimumVisualStudioVersion = 10.0.40219.1
Project("{FAE04EC0-301F-11D3-BF4B-00C04F79EFBC}") = "StackLayout_Exercicio1.UWP", "StackLayout_Exercicio1\StackLayout_Exercicio1.UWP\StackLayout_Exercicio1.UWP.csproj", "{F62A5EFE-D024-4FF6-A686-7D63D9E0DB13}"
EndProject
Project("{FAE04EC0-301F-11D3-BF4B-00C04F79EFBC}") = "StackLayout_Exercicio1.Android", "StackLayout_Exercicio1\StackLayout_Exercicio1.Android\StackLayout_Exercicio1.Android.csproj", "{985F0FB7-7BD1-4F9B-B3AD-A2651727D99B}"
EndProject
Project("{FAE04EC0-301F-11D3-BF4B-00C04F79EFBC}") = "StackLayout_Exercicio1.iOS", "StackLayout_Exercicio1\StackLayout_Exercicio1.iOS\StackLayout_Exercicio1.iOS.csproj", "{061400D8-160D-43E7-95B5-FCC71411566B}"
EndProject
Project("{FAE04EC0-301F-11D3-BF4B-00C04F79EFBC}") = "StackLayout_Exercicio1", "StackLayout_Exercicio1\StackLayout_Exercicio1\StackLayout_Exercicio1.csproj", "{721DA07A-C0B4-4765-9DEB-FF41EC4B8A58}"
EndProject
Global
	GlobalSection(SolutionConfigurationPlatforms) = preSolution
		Debug|Any CPU = Debug|Any CPU
		Debug|ARM = Debug|ARM
		Debug|iPhone = Debug|iPhone
		Debug|iPhoneSimulator = Debug|iPhoneSimulator
		Debug|x64 = Debug|x64
		Debug|x86 = Debug|x86
		Release|Any CPU = Release|Any CPU
		Release|ARM = Release|ARM
		Release|iPhone = Release|iPhone
		Release|iPhoneSimulator = Release|iPhoneSimulator
		Release|x64 = Release|x64
		Release|x86 = Release|x86
	EndGlobalSection
	GlobalSection(ProjectConfigurationPlatforms) = postSolution
		{F62A5EFE-D024-4FF6-A686-7D63D9E0DB13}.Debug|Any CPU.ActiveCfg = Debug|x86
		{F62A5EFE-D024-4FF6-A686-7D63D9E0DB13}.Debug|Any CPU.Build.0 = Debug|x86
		{F62A5EFE-D024-4FF6-A686-7D63D9E0DB13}.Debug|Any CPU.Deploy.0 = Debug|x86
		{F62A5EFE-D024-4FF6-A686-7D63D9E0DB13}.Debug|ARM.ActiveCfg = Debug|ARM
		{F62A5EFE-D024-4FF6-A686-7D63D9E0DB13}.Debug|ARM.Build.0 = Debug|ARM
		{F62A5EFE-D024-4FF6-A686-7D63D9E0DB13}.Debug|ARM.Deploy.0 = Debug|ARM
		{F62A5EFE-D024-4FF6-A686-7D63D9E0DB13}.Debug|iPhone.ActiveCfg = Debug|x86
		{F62A5EFE-D024-4FF6-A686-7D63D9E0DB13}.Debug|iPhone.Build.0 = Debug|x86
		{F62A5EFE-D024-4FF6-A686-7D63D9E0DB13}.Debug|iPhone.Deploy.0 = Debug|x86
		{F62A5EFE-D024-4FF6-A686-7D63D9E0DB13}.Debug|iPhoneSimulator.ActiveCfg = Debug|x86
		{F62A5EFE-D024-4FF6-A686-7D63D9E0DB13}.Debug|iPhoneSimulator.Build.0 = Debug|x86
		{F62A5EFE-D024-4FF6-A686-7D63D9E0DB13}.Debug|iPhoneSimulator.Deploy.0 = Debug|x86
		{F62A5EFE-D024-4FF6-A686-7D63D9E0DB13}.Debug|x64.ActiveCfg = Debug|x64
		{F62A5EFE-D024-4FF6-A686-7D63D9E0DB13}.Debug|x64.Build.0 = Debug|x64
		{F62A5EFE-D024-4FF6-A686-7D63D9E0DB13}.Debug|x64.Deploy.0 = Debug|x64
		{F62A5EFE-D024-4FF6-A686-7D63D9E0DB13}.Debug|x86.ActiveCfg = Debug|x86
		{F62A5EFE-D024-4FF6-A686-7D63D9E0DB13}.Debug|x86.Build.0 = Debug|x86
		{F62A5EFE-D024-4FF6-A686-7D63D9E0DB13}.Debug|x86.Deploy.0 = Debug|x86
		{F62A5EFE-D024-4FF6-A686-7D63D9E0DB13}.Release|Any CPU.ActiveCfg = Release|x86
		{F62A5EFE-D024-4FF6-A686-7D63D9E0DB13}.Release|Any CPU.Build.0 = Release|x86
		{F62A5EFE-D024-4FF6-A686-7D63D9E0DB13}.Release|Any CPU.Deploy.0 = Release|x86
		{F62A5EFE-D024-4FF6-A686-7D63D9E0DB13}.Release|ARM.ActiveCfg = Release|ARM
		{F62A5EFE-D024-4FF6-A686-7D63D9E0DB13}.Release|ARM.Build.0 = Release|ARM
		{F62A5EFE-D024-4FF6-A686-7D63D9E0DB13}.Release|ARM.Deploy.0 = Release|ARM
		{F62A5EFE-D024-4FF6-A686-7D63D9E0DB13}.Release|iPhone.ActiveCfg = Release|x86
		{F62A5EFE-D024-4FF6-A686-7D63D9E0DB13}.Release|iPhone.Build.0 = Release|x86
		{F62A5EFE-D024-4FF6-A686-7D63D9E0DB13}.Release|iPhone.Deploy.0 = Release|x86
		{F62A5EFE-D024-4FF6-A686-7D63D9E0DB13}.Release|iPhoneSimulator.ActiveCfg = Release|x86
		{F62A5EFE-D024-4FF6-A686-7D63D9E0DB13}.Release|iPhoneSimulator.Build.0 = Release|x86
		{F62A5EFE-D024-4FF6-A686-7D63D9E0DB13}.Release|iPhoneSimulator.Deploy.0 = Release|x86
		{F62A5EFE-D024-4FF6-A686-7D63D9E0DB13}.Release|x64.ActiveCfg = Release|x64
		{F62A5EFE-D024-4FF6-A686-7D63D9E0DB13}.Release|x64.Build.0 = Release|x64
		{F62A5EFE-D024-4FF6-A686-7D63D9E0DB13}.Release|x64.Deploy.0 = Release|x64
		{F62A5EFE-D024-4FF6-A686-7D63D9E0DB13}.Release|x86.ActiveCfg = Release|x86
		{F62A5EFE-D024-4FF6-A686-7D63D9E0DB13}.Release|x86.Build.0 = Release|x86
		{F62A5EFE-D024-4FF6-A686-7D63D9E0DB13}.Release|x86.Deploy.0 = Release|x86
		{985F0FB7-7BD1-4F9B-B3AD-A2651727D99B}.Debug|Any CPU.ActiveCfg = Debug|Any CPU
		{985F0FB7-7BD1-4F9B-B3AD-A2651727D99B}.Debug|Any CPU.Build.0 = Debug|Any CPU
		{985F0FB7-7BD1-4F9B-B3AD-A2651727D99B}.Debug|Any CPU.Deploy.0 = Debug|Any CPU
		{985F0FB7-7BD1-4F9B-B3AD-A2651727D99B}.Debug|ARM.ActiveCfg = Debug|Any CPU
		{985F0FB7-7BD1-4F9B-B3AD-A2651727D99B}.Debug|ARM.Build.0 = Debug|Any CPU
		{985F0FB7-7BD1-4F9B-B3AD-A2651727D99B}.Debug|ARM.Deploy.0 = Debug|Any CPU
		{985F0FB7-7BD1-4F9B-B3AD-A2651727D99B}.Debug|iPhone.ActiveCfg = Debug|Any CPU
		{985F0FB7-7BD1-4F9B-B3AD-A2651727D99B}.Debug|iPhone.Build.0 = Debug|Any CPU
		{985F0FB7-7BD1-4F9B-B3AD-A2651727D99B}.Debug|iPhone.Deploy.0 = Debug|Any CPU
		{985F0FB7-7BD1-4F9B-B3AD-A2651727D99B}.Debug|iPhoneSimulator.ActiveCfg = Debug|Any CPU
		{985F0FB7-7BD1-4F9B-B3AD-A2651727D99B}.Debug|iPhoneSimulator.Build.0 = Debug|Any CPU
		{985F0FB7-7BD1-4F9B-B3AD-A2651727D99B}.Debug|iPhoneSimulator.Deploy.0 = Debug|Any CPU
		{985F0FB7-7BD1-4F9B-B3AD-A2651727D99B}.Debug|x64.ActiveCfg = Debug|Any CPU
		{985F0FB7-7BD1-4F9B-B3AD-A2651727D99B}.Debug|x64.Build.0 = Debug|Any CPU
		{985F0FB7-7BD1-4F9B-B3AD-A2651727D99B}.Debug|x64.Deploy.0 = Debug|Any CPU
		{985F0FB7-7BD1-4F9B-B3AD-A2651727D99B}.Debug|x86.ActiveCfg = Debug|Any CPU
		{985F0FB7-7BD1-4F9B-B3AD-A2651727D99B}.Debug|x86.Build.0 = Debug|Any CPU
		{985F0FB7-7BD1-4F9B-B3AD-A2651727D99B}.Debug|x86.Deploy.0 = Debug|Any CPU
		{985F0FB7-7BD1-4F9B-B3AD-A2651727D99B}.Release|Any CPU.ActiveCfg = Release|Any CPU
		{985F0FB7-7BD1-4F9B-B3AD-A2651727D99B}.Release|Any CPU.Build.0 = Release|Any CPU
		{985F0FB7-7BD1-4F9B-B3AD-A2651727D99B}.Release|Any CPU.Deploy.0 = Release|Any CPU
		{985F0FB7-7BD1-4F9B-B3AD-A2651727D99B}.Release|ARM.ActiveCfg = Release|Any CPU
		{985F0FB7-7BD1-4F9B-B3AD-A2651727D99B}.Release|ARM.Build.0 = Release|Any CPU
		{985F0FB7-7BD1-4F9B-B3AD-A2651727D99B}.Release|ARM.Deploy.0 = Release|Any CPU
		{985F0FB7-7BD1-4F9B-B3AD-A2651727D99B}.Release|iPhone.ActiveCfg = Release|Any CPU
		{985F0FB7-7BD1-4F9B-B3AD-A2651727D99B}.Release|iPhone.Build.0 = Release|Any CPU
		{985F0FB7-7BD1-4F9B-B3AD-A2651727D99B}.Release|iPhone.Deploy.0 = Release|Any CPU
		{985F0FB7-7BD1-4F9B-B3AD-A2651727D99B}.Release|iPhoneSimulator.ActiveCfg = Release|Any CPU
		{985F0FB7-7BD1-4F9B-B3AD-A2651727D99B}.Release|iPhoneSimulator.Build.0 = Release|Any CPU
		{985F0FB7-7BD1-4F9B-B3AD-A2651727D99B}.Release|iPhoneSimulator.Deploy.0 = Release|Any CPU
		{985F0FB7-7BD1-4F9B-B3AD-A2651727D99B}.Release|x64.ActiveCfg = Release|Any CPU
		{985F0FB7-7BD1-4F9B-B3AD-A2651727D99B}.Release|x64.Build.0 = Release|Any CPU
		{985F0FB7-7BD1-4F9B-B3AD-A2651727D99B}.Release|x64.Deploy.0 = Release|Any CPU
		{985F0FB7-7BD1-4F9B-B3AD-A2651727D99B}.Release|x86.ActiveCfg = Release|Any CPU
		{985F0FB7-7BD1-4F9B-B3AD-A2651727D99B}.Release|x86.Build.0 = Release|Any CPU
		{985F0FB7-7BD1-4F9B-B3AD-A2651727D99B}.Release|x86.Deploy.0 = Release|Any CPU
		{061400D8-160D-43E7-95B5-FCC71411566B}.Debug|Any CPU.ActiveCfg = Debug|iPhone
		{061400D8-160D-43E7-95B5-FCC71411566B}.Debug|Any CPU.Build.0 = Debug|iPhone
		{061400D8-160D-43E7-95B5-FCC71411566B}.Debug|Any CPU.Deploy.0 = Debug|iPhone
		{061400D8-160D-43E7-95B5-FCC71411566B}.Debug|ARM.ActiveCfg = Debug|iPhone
		{061400D8-160D-43E7-95B5-FCC71411566B}.Debug|ARM.Build.0 = Debug|iPhone
		{061400D8-160D-43E7-95B5-FCC71411566B}.Debug|ARM.Deploy.0 = Debug|iPhone
		{061400D8-160D-43E7-95B5-FCC71411566B}.Debug|iPhone.ActiveCfg = Debug|iPhone
		{061400D8-160D-43E7-95B5-FCC71411566B}.Debug|iPhone.Build.0 = Debug|iPhone
		{061400D8-160D-43E7-95B5-FCC71411566B}.Debug|iPhone.Deploy.0 = Debug|iPhone
		{061400D8-160D-43E7-95B5-FCC71411566B}.Debug|iPhoneSimulator.ActiveCfg = Debug|iPhoneSimulator
		{061400D8-160D-43E7-95B5-FCC71411566B}.Debug|iPhoneSimulator.Build.0 = Debug|iPhoneSimulator
		{061400D8-160D-43E7-95B5-FCC71411566B}.Debug|iPhoneSimulator.Deploy.0 = Debug|iPhoneSimulator
		{061400D8-160D-43E7-95B5-FCC71411566B}.Debug|x64.ActiveCfg = Debug|iPhone
		{061400D8-160D-43E7-95B5-FCC71411566B}.Debug|x64.Build.0 = Debug|iPhone
		{061400D8-160D-43E7-95B5-FCC71411566B}.Debug|x64.Deploy.0 = Debug|iPhone
		{061400D8-160D-43E7-95B5-FCC71411566B}.Debug|x86.ActiveCfg = Debug|iPhone
		{061400D8-160D-43E7-95B5-FCC71411566B}.Debug|x86.Build.0 = Debug|iPhone
		{061400D8-160D-43E7-95B5-FCC71411566B}.Debug|x86.Deploy.0 = Debug|iPhone
		{061400D8-160D-43E7-95B5-FCC71411566B}.Release|Any CPU.ActiveCfg = Release|iPhone
		{061400D8-160D-43E7-95B5-FCC71411566B}.Release|Any CPU.Build.0 = Release|iPhone
		{061400D8-160D-43E7-95B5-FCC71411566B}.Release|Any CPU.Deploy.0 = Release|iPhone
		{061400D8-160D-43E7-95B5-FCC71411566B}.Release|ARM.ActiveCfg = Release|iPhone
		{061400D8-160D-43E7-95B5-FCC71411566B}.Release|ARM.Build.0 = Release|iPhone
		{061400D8-160D-43E7-95B5-FCC71411566B}.Release|ARM.Deploy.0 = Release|iPhone
		{061400D8-160D-43E7-95B5-FCC71411566B}.Release|iPhone.ActiveCfg = Release|iPhone
		{061400D8-160D-43E7-95B5-FCC71411566B}.Release|iPhone.Build.0 = Release|iPhone
		{061400D8-160D-43E7-95B5-FCC71411566B}.Release|iPhone.Deploy.0 = Release|iPhone
		{061400D8-160D-43E7-95B5-FCC71411566B}.Release|iPhoneSimulator.ActiveCfg = Release|iPhoneSimulator
		{061400D8-160D-43E7-95B5-FCC71411566B}.Release|iPhoneSimulator.Build.0 = Release|iPhoneSimulator
		{061400D8-160D-43E7-95B5-FCC71411566B}.Release|iPhoneSimulator.Deploy.0 = Release|iPhoneSimulator
		{061400D8-160D-43E7-95B5-FCC71411566B}.Release|x64.ActiveCfg = Release|iPhone
		{061400D8-160D-43E7-95B5-FCC71411566B}.Release|x64.Build.0 = Release|iPhone
		{061400D8-160D-43E7-95B5-FCC71411566B}.Release|x64.Deploy.0 = Release|iPhone
		{061400D8-160D-43E7-95B5-FCC71411566B}.Release|x86.ActiveCfg = Release|iPhone
		{061400D8-160D-43E7-95B5-FCC71411566B}.Release|x86.Build.0 = Release|iPhone
		{061400D8-160D-43E7-95B5-FCC71411566B}.Release|x86.Deploy.0 = Release|iPhone
		{721DA07A-C0B4-4765-9DEB-FF41EC4B8A58}.Debug|Any CPU.ActiveCfg = Debug|Any CPU
		{721DA07A-C0B4-4765-9DEB-FF41EC4B8A58}.Debug|Any CPU.Build.0 = Debug|Any CPU
		{721DA07A-C0B4-4765-9DEB-FF41EC4B8A58}.Debug|Any CPU.Deploy.0 = Debug|Any CPU
		{721DA07A-C0B4-4765-9DEB-FF41EC4B8A58}.Debug|ARM.ActiveCfg = Debug|Any CPU
		{721DA07A-C0B4-4765-9DEB-FF41EC4B8A58}.Debug|ARM.Build.0 = Debug|Any CPU
		{721DA07A-C0B4-4765-9DEB-FF41EC4B8A58}.Debug|ARM.Deploy.0 = Debug|Any CPU
		{721DA07A-C0B4-4765-9DEB-FF41EC4B8A58}.Debug|iPhone.ActiveCfg = Debug|Any CPU
		{721DA07A-C0B4-4765-9DEB-FF41EC4B8A58}.Debug|iPhone.Build.0 = Debug|Any CPU
		{721DA07A-C0B4-4765-9DEB-FF41EC4B8A58}.Debug|iPhone.Deploy.0 = Debug|Any CPU
		{721DA07A-C0B4-4765-9DEB-FF41EC4B8A58}.Debug|iPhoneSimulator.ActiveCfg = Debug|Any CPU
		{721DA07A-C0B4-4765-9DEB-FF41EC4B8A58}.Debug|iPhoneSimulator.Build.0 = Debug|Any CPU
		{721DA07A-C0B4-4765-9DEB-FF41EC4B8A58}.Debug|iPhoneSimulator.Deploy.0 = Debug|Any CPU
		{721DA07A-C0B4-4765-9DEB-FF41EC4B8A58}.Debug|x64.ActiveCfg = Debug|Any CPU
		{721DA07A-C0B4-4765-9DEB-FF41EC4B8A58}.Debug|x64.Build.0 = Debug|Any CPU
		{721DA07A-C0B4-4765-9DEB-FF41EC4B8A58}.Debug|x64.Deploy.0 = Debug|Any CPU
		{721DA07A-C0B4-4765-9DEB-FF41EC4B8A58}.Debug|x86.ActiveCfg = Debug|Any CPU
		{721DA07A-C0B4-4765-9DEB-FF41EC4B8A58}.Debug|x86.Build.0 = Debug|Any CPU
		{721DA07A-C0B4-4765-9DEB-FF41EC4B8A58}.Debug|x86.Deploy.0 = Debug|Any CPU
		{721DA07A-C0B4-4765-9DEB-FF41EC4B8A58}.Release|Any CPU.ActiveCfg = Release|Any CPU
		{721DA07A-C0B4-4765-9DEB-FF41EC4B8A58}.Release|Any CPU.Build.0 = Release|Any CPU
		{721DA07A-C0B4-4765-9DEB-FF41EC4B8A58}.Release|Any CPU.Deploy.0 = Release|Any CPU
		{721DA07A-C0B4-4765-9DEB-FF41EC4B8A58}.Release|ARM.ActiveCfg = Release|Any CPU
		{721DA07A-C0B4-4765-9DEB-FF41EC4B8A58}.Release|ARM.Build.0 = Release|Any CPU
		{721DA07A-C0B4-4765-9DEB-FF41EC4B8A58}.Release|ARM.Deploy.0 = Release|Any CPU
		{721DA07A-C0B4-4765-9DEB-FF41EC4B8A58}.Release|iPhone.ActiveCfg = Release|Any CPU
		{721DA07A-C0B4-4765-9DEB-FF41EC4B8A58}.Release|iPhone.Build.0 = Release|Any CPU
		{721DA07A-C0B4-4765-9DEB-FF41EC4B8A58}.Release|iPhone.Deploy.0 = Release|Any CPU
		{721DA07A-C0B4-4765-9DEB-FF41EC4B8A58}.Release|iPhoneSimulator.ActiveCfg = Release|Any CPU
		{721DA07A-C0B4-4765-9DEB-FF41EC4B8A58}.Release|iPhoneSimulator.Build.0 = Release|Any CPU
		{721DA07A-C0B4-4765-9DEB-FF41EC4B8A58}.Release|iPhoneSimulator.Deploy.0 = Release|Any CPU
		{721DA07A-C0B4-4765-9DEB-FF41EC4B8A58}.Release|x64.ActiveCfg = Release|Any CPU
		{721DA07A-C0B4-4765-9DEB-FF41EC4B8A58}.Release|x64.Build.0 = Release|Any CPU
		{721DA07A-C0B4-4765-9DEB-FF41EC4B8A58}.Release|x64.Deploy.0 = Release|Any CPU
		{721DA07A-C0B4-4765-9DEB-FF41EC4B8A58}.Release|x86.ActiveCfg = Release|Any CPU
		{721DA07A-C0B4-4765-9DEB-FF41EC4B8A58}.Release|x86.Build.0 = Release|Any CPU
		{721DA07A-C0B4-4765-9DEB-FF41EC4B8A58}.Release|x86.Deploy.0 = Release|Any CPU
	EndGlobalSection
	GlobalSection(SolutionProperties) = preSolution
		HideSolutionNode = FALSE
	EndGlobalSection
	GlobalSection(ExtensibilityGlobals) = postSolution
		SolutionGuid = {CFAA913A-97A4-4D7C-B7FA-65D1D3BA9AB4}
	EndGlobalSection
EndGlobal
